<?xml version="1.0" encoding="utf-8"?>
<Project ToolsVersion="4.0" xmlns="http://schemas.microsoft.com/developer/msbuild/2003">
  <ItemGroup>
    <Filter Include="Platform">
      <UniqueIdentifier>{2AC788B4-1694-E3BF-3FAD-D1672BD9184E}</UniqueIdentifier>
    </Filter>
    <Filter Include="Platform\Windows">
      <UniqueIdentifier>{64FBD71A-50F4-F66C-7926-DCF1657ED678}</UniqueIdentifier>
    </Filter>
    <Filter Include="Vivid">
      <UniqueIdentifier>{27D34E0E-93E7-76BF-5C69-1A1FC83C73F0}</UniqueIdentifier>
    </Filter>
    <Filter Include="Vivid\Events">
      <UniqueIdentifier>{2B8D8036-17F0-0FDB-C075-4891ACB7DB5D}</UniqueIdentifier>
    </Filter>
  </ItemGroup>
  <ItemGroup>
    <ClInclude Include="src\Platform\Windows\WindowsWindow.h">
      <Filter>Platform\Windows</Filter>
    </ClInclude>
    <ClInclude Include="src\Vivid.h" />
    <ClInclude Include="src\Vivid\Application.h">
      <Filter>Vivid</Filter>
    </ClInclude>
    <ClInclude Include="src\Vivid\Core.h">
      <Filter>Vivid</Filter>
    </ClInclude>
    <ClInclude Include="src\Vivid\EntryPoint.h">
      <Filter>Vivid</Filter>
    </ClInclude>
    <ClInclude Include="src\Vivid\Events\ApplicationEvent.h">
      <Filter>Vivid\Events</Filter>
    </ClInclude>
    <ClInclude Include="src\Vivid\Events\Event.h">
      <Filter>Vivid\Events</Filter>
    </ClInclude>
    <ClInclude Include="src\Vivid\Events\KeyEvent.h">
      <Filter>Vivid\Events</Filter>
    </ClInclude>
    <ClInclude Include="src\Vivid\Events\MouseEvent.h">
      <Filter>Vivid\Events</Filter>
    </ClInclude>
    <ClInclude Include="src\Vivid\Log.h">
      <Filter>Vivid</Filter>
    </ClInclude>
    <ClInclude Include="src\Vivid\Window.h">
      <Filter>Vivid</Filter>
    </ClInclude>
    <ClInclude Include="src\vvpch.h" />
  </ItemGroup>
  <ItemGroup>
    <ClCompile Include="src\Platform\Windows\WindowsWindow.cpp">
      <Filter>Platform\Windows</Filter>
    </ClCompile>
    <ClCompile Include="src\Vivid\Application.cpp">
      <Filter>Vivid</Filter>
    </ClCompile>
    <ClCompile Include="src\Vivid\Log.cpp">
      <Filter>Vivid</Filter>
    </ClCompile>
    <ClCompile Include="src\vvpzh.cpp" />
  </ItemGroup>
</Project>