<?xml version="1.0" encoding="utf-8"?>
<Project ToolsVersion="4.0" xmlns="http://schemas.microsoft.com/developer/msbuild/2003">
  <ItemGroup>
    <Filter Include="Vivid">
      <UniqueIdentifier>{27D34E0E-93E7-76BF-5C69-1A1FC83C73F0}</UniqueIdentifier>
    </Filter>
  </ItemGroup>
  <ItemGroup>
    <ClInclude Include="src\Vivid.h" />
    <ClInclude Include="src\Vivid\Application.h">
      <Filter>Vivid</Filter>
    </ClInclude>
    <ClInclude Include="src\Vivid\Core.h">
      <Filter>Vivid</Filter>
    </ClInclude>
    <ClInclude Include="src\Vivid\EntryPoint.h">
      <Filter>Vivid</Filter>
    </ClInclude>
    <ClInclude Include="src\Vivid\Log.h">
      <Filter>Vivid</Filter>
    </ClInclude>
  </ItemGroup>
  <ItemGroup>
    <ClCompile Include="src\Vivid\Application.cpp">
      <Filter>Vivid</Filter>
    </ClCompile>
    <ClCompile Include="src\Vivid\Log.cpp">
      <Filter>Vivid</Filter>
    </ClCompile>
  </ItemGroup>
</Project>